
Microsoft Visual Studio Solution File, Format Version 12.00
# Visual Studio Version 16
VisualStudioVersion = 16.0.31105.61
MinimumVisualStudioVersion = 10.0.40219.1
Project("{FAE04EC0-301F-11D3-BF4B-00C04F79EFBC}") = "Lab3.1", "Lab3.1\Lab3.1.csproj", "{C278A07E-25C8-4B4B-AA74-FE8DA7B0044E}"
EndProject
Global
	GlobalSection(SolutionConfigurationPlatforms) = preSolution
		Debug|Any CPU = Debug|Any CPU
		Release|Any CPU = Release|Any CPU
	EndGlobalSection
	GlobalSection(ProjectConfigurationPlatforms) = postSolution
		{C278A07E-25C8-4B4B-AA74-FE8DA7B0044E}.Debug|Any CPU.ActiveCfg = Debug|Any CPU
		{C278A07E-25C8-4B4B-AA74-FE8DA7B0044E}.Debug|Any CPU.Build.0 = Debug|Any CPU
		{C278A07E-25C8-4B4B-AA74-FE8DA7B0044E}.Release|Any CPU.ActiveCfg = Release|Any CPU
		{C278A07E-25C8-4B4B-AA74-FE8DA7B0044E}.Release|Any CPU.Build.0 = Release|Any CPU
	EndGlobalSection
	GlobalSection(SolutionProperties) = preSolution
		HideSolutionNode = FALSE
	EndGlobalSection
	GlobalSection(ExtensibilityGlobals) = postSolution
		SolutionGuid = {755313AE-ECB2-4AE2-9DED-8645FED54C6E}
	EndGlobalSection
EndGlobal
